
Microsoft Visual Studio Solution File, Format Version 12.00
# Visual Studio Version 17
VisualStudioVersion = 17.14.36518.9
MinimumVisualStudioVersion = 10.0.40219.1
Project("{FAE04EC0-301F-11D3-BF4B-00C04F79EFBC}") = "MCRental_Client", "MCRental\MCRental_Client.csproj", "{04974C12-7C04-4277-BBAB-475B637C1EDD}"
EndProject
Project("{FAE04EC0-301F-11D3-BF4B-00C04F79EFBC}") = "MCRental_Models", "MCRental_Models\MCRental_Models.csproj", "{4D4EC601-4183-4554-8BBF-227BAE9CFE77}"
EndProject
Global
	GlobalSection(SolutionConfigurationPlatforms) = preSolution
		Debug|Any CPU = Debug|Any CPU
		Release|Any CPU = Release|Any CPU
	EndGlobalSection
	GlobalSection(ProjectConfigurationPlatforms) = postSolution
		{04974C12-7C04-4277-BBAB-475B637C1EDD}.Debug|Any CPU.ActiveCfg = Debug|Any CPU
		{04974C12-7C04-4277-BBAB-475B637C1EDD}.Debug|Any CPU.Build.0 = Debug|Any CPU
		{04974C12-7C04-4277-BBAB-475B637C1EDD}.Release|Any CPU.ActiveCfg = Release|Any CPU
		{04974C12-7C04-4277-BBAB-475B637C1EDD}.Release|Any CPU.Build.0 = Release|Any CPU
		{4D4EC601-4183-4554-8BBF-227BAE9CFE77}.Debug|Any CPU.ActiveCfg = Debug|Any CPU
		{4D4EC601-4183-4554-8BBF-227BAE9CFE77}.Debug|Any CPU.Build.0 = Debug|Any CPU
		{4D4EC601-4183-4554-8BBF-227BAE9CFE77}.Release|Any CPU.ActiveCfg = Release|Any CPU
		{4D4EC601-4183-4554-8BBF-227BAE9CFE77}.Release|Any CPU.Build.0 = Release|Any CPU
	EndGlobalSection
	GlobalSection(SolutionProperties) = preSolution
		HideSolutionNode = FALSE
	EndGlobalSection
	GlobalSection(ExtensibilityGlobals) = postSolution
		SolutionGuid = {C60E44D0-1C10-4403-8354-5BC5DCF768A3}
	EndGlobalSection
EndGlobal
